Microsoft Visual Studio Solution File, Format Version 12.00
# Visual Studio Version 17
VisualStudioVersion = 17.5.2.0
MinimumVisualStudioVersion = 10.0.40219.1
Project("{FAE04EC0-301F-11D3-BF4B-00C04F79EFBC}") = "CoffeeHub", "CoffeeHub.csproj", "{24718139-A65B-1CF3-CC24-26D8C626BCDB}"
EndProject
Global
	GlobalSection(SolutionConfigurationPlatforms) = preSolution
		Debug|Any CPU = Debug|Any CPU
		Release|Any CPU = Release|Any CPU
	EndGlobalSection
	GlobalSection(ProjectConfigurationPlatforms) = postSolution
		{24718139-A65B-1CF3-CC24-26D8C626BCDB}.Debug|Any CPU.ActiveCfg = Debug|Any CPU
		{24718139-A65B-1CF3-CC24-26D8C626BCDB}.Debug|Any CPU.Build.0 = Debug|Any CPU
		{24718139-A65B-1CF3-CC24-26D8C626BCDB}.Release|Any CPU.ActiveCfg = Release|Any CPU
		{24718139-A65B-1CF3-CC24-26D8C626BCDB}.Release|Any CPU.Build.0 = Release|Any CPU
	EndGlobalSection
	GlobalSection(SolutionProperties) = preSolution
		HideSolutionNode = FALSE
	EndGlobalSection
	GlobalSection(ExtensibilityGlobals) = postSolution
		SolutionGuid = {6E769FC7-4951-43B4-914F-E2E604537C7C}
	EndGlobalSection
EndGlobal
